
Microsoft Visual Studio Solution File, Format Version 12.00
# Visual Studio Version 17
VisualStudioVersion = 17.5.002.0
MinimumVisualStudioVersion = 10.0.40219.1
Project("{9A19103F-16F7-4668-BE54-9A1E7A4F7556}") = "Andrei_SimpleCRUD", "Andrei_SimpleCRUD.csproj", "{FBA3AA83-D702-4BE9-AC67-F94722D10742}"
EndProject
Project("{9A19103F-16F7-4668-BE54-9A1E7A4F7556}") = "StudentSectionApp.Application", "StudentSectionApp.Application\StudentSectionApp.Application.csproj", "{767CF7E5-3C62-4FCD-A28D-F791B159E790}"
EndProject
Project("{9A19103F-16F7-4668-BE54-9A1E7A4F7556}") = "StudentSectionApp.Domain", "StudentSectionApp.Domain\StudentSectionApp.Domain.csproj", "{AD66E825-E878-4492-88A0-F521AEA49037}"
EndProject
Project("{9A19103F-16F7-4668-BE54-9A1E7A4F7556}") = "StudentSectionApp.Infrastructure", "StudentSectionApp.Infrastructure\StudentSectionApp.Infrastructure.csproj", "{EDBD3639-9E98-4433-B8FE-E357663F64C9}"
EndProject
Project("{9A19103F-16F7-4668-BE54-9A1E7A4F7556}") = "StudentSectionApp.Presentation", "StudentSectionApp.Presentation\StudentSectionApp.Presentation.csproj", "{713DBEE1-86EF-4C44-B3B5-1A03633B573B}"
EndProject
Global
	GlobalSection(SolutionConfigurationPlatforms) = preSolution
		Debug|Any CPU = Debug|Any CPU
		Release|Any CPU = Release|Any CPU
	EndGlobalSection
	GlobalSection(ProjectConfigurationPlatforms) = postSolution
		{FBA3AA83-D702-4BE9-AC67-F94722D10742}.Debug|Any CPU.ActiveCfg = Debug|Any CPU
		{FBA3AA83-D702-4BE9-AC67-F94722D10742}.Debug|Any CPU.Build.0 = Debug|Any CPU
		{FBA3AA83-D702-4BE9-AC67-F94722D10742}.Release|Any CPU.ActiveCfg = Release|Any CPU
		{FBA3AA83-D702-4BE9-AC67-F94722D10742}.Release|Any CPU.Build.0 = Release|Any CPU
		{767CF7E5-3C62-4FCD-A28D-F791B159E790}.Debug|Any CPU.ActiveCfg = Debug|Any CPU
		{767CF7E5-3C62-4FCD-A28D-F791B159E790}.Debug|Any CPU.Build.0 = Debug|Any CPU
		{767CF7E5-3C62-4FCD-A28D-F791B159E790}.Release|Any CPU.ActiveCfg = Release|Any CPU
		{767CF7E5-3C62-4FCD-A28D-F791B159E790}.Release|Any CPU.Build.0 = Release|Any CPU
		{AD66E825-E878-4492-88A0-F521AEA49037}.Debug|Any CPU.ActiveCfg = Debug|Any CPU
		{AD66E825-E878-4492-88A0-F521AEA49037}.Debug|Any CPU.Build.0 = Debug|Any CPU
		{AD66E825-E878-4492-88A0-F521AEA49037}.Release|Any CPU.ActiveCfg = Release|Any CPU
		{AD66E825-E878-4492-88A0-F521AEA49037}.Release|Any CPU.Build.0 = Release|Any CPU
		{EDBD3639-9E98-4433-B8FE-E357663F64C9}.Debug|Any CPU.ActiveCfg = Debug|Any CPU
		{EDBD3639-9E98-4433-B8FE-E357663F64C9}.Debug|Any CPU.Build.0 = Debug|Any CPU
		{EDBD3639-9E98-4433-B8FE-E357663F64C9}.Release|Any CPU.ActiveCfg = Release|Any CPU
		{EDBD3639-9E98-4433-B8FE-E357663F64C9}.Release|Any CPU.Build.0 = Release|Any CPU
		{713DBEE1-86EF-4C44-B3B5-1A03633B573B}.Debug|Any CPU.ActiveCfg = Debug|Any CPU
		{713DBEE1-86EF-4C44-B3B5-1A03633B573B}.Debug|Any CPU.Build.0 = Debug|Any CPU
		{713DBEE1-86EF-4C44-B3B5-1A03633B573B}.Release|Any CPU.ActiveCfg = Release|Any CPU
		{713DBEE1-86EF-4C44-B3B5-1A03633B573B}.Release|Any CPU.Build.0 = Release|Any CPU
	EndGlobalSection
	GlobalSection(SolutionProperties) = preSolution
		HideSolutionNode = FALSE
	EndGlobalSection
	GlobalSection(ExtensibilityGlobals) = postSolution
		SolutionGuid = {2E71DDC7-337B-46F7-B8BC-363EF5B391E9}
	EndGlobalSection
EndGlobal
